// !$*UTF8*$!
{
	archiveVersion = 1;
	classes = {
	};
	objectVersion = 46;
	objects = {

/* Begin PBXBuildFile section */
		4B7C2C261D3ECA78008CFE30 /* main.m in Sources */ = {isa = PBXBuildFile; fileRef = 4B7C2C251D3ECA78008CFE30 /* main.m */; };
		4B7C2C291D3ECA78008CFE30 /* AppDelegate.m in Sources */ = {isa = PBXBuildFile; fileRef = 4B7C2C281D3ECA78008CFE30 /* AppDelegate.m */; };
		4B7C2C2F1D3ECA78008CFE30 /* Main.storyboard in Resources */ = {isa = PBXBuildFile; fileRef = 4B7C2C2D1D3ECA78008CFE30 /* Main.storyboard */; };
		4B7C2C341D3ECA78008CFE30 /* Assets.xcassets in Resources */ = {isa = PBXBuildFile; fileRef = 4B7C2C331D3ECA78008CFE30 /* Assets.xcassets */; };
		4B7C2C371D3ECA78008CFE30 /* LaunchScreen.storyboard in Resources */ = {isa = PBXBuildFile; fileRef = 4B7C2C351D3ECA78008CFE30 /* LaunchScreen.storyboard */; };
		4B7C2C421D3ECA78008CFE30 /* FreehandDrawingToolTests.m in Sources */ = {isa = PBXBuildFile; fileRef = 4B7C2C411D3ECA78008CFE30 /* FreehandDrawingToolTests.m */; };
		4B7C2C4D1D3ECA78008CFE30 /* FreehandDrawingToolUITests.m in Sources */ = {isa = PBXBuildFile; fileRef = 4B7C2C4C1D3ECA78008CFE30 /* FreehandDrawingToolUITests.m */; };
		4B7C2C621D3ECD04008CFE30 /* DrawingAreaView.m in Sources */ = {isa = PBXBuildFile; fileRef = 4B7C2C611D3ECD04008CFE30 /* DrawingAreaView.m */; };
		4B7C2C651D3ECD3C008CFE30 /* DrawingControlViewController.m in Sources */ = {isa = PBXBuildFile; fileRef = 4B7C2C641D3ECD3C008CFE30 /* DrawingControlViewController.m */; };
/* End PBXBuildFile section */

/* Begin PBXContainerItemProxy section */
		4B7C2C3E1D3ECA78008CFE30 /* PBXContainerItemProxy */ = {
			isa = PBXContainerItemProxy;
			containerPortal = 4B7C2C191D3ECA78008CFE30 /* Project object */;
			proxyType = 1;
			remoteGlobalIDString = 4B7C2C201D3ECA78008CFE30;
			remoteInfo = FreehandDrawingTool;
		};
		4B7C2C491D3ECA78008CFE30 /* PBXContainerItemProxy */ = {
			isa = PBXContainerItemProxy;
			containerPortal = 4B7C2C191D3ECA78008CFE30 /* Project object */;
			proxyType = 1;
			remoteGlobalIDString = 4B7C2C201D3ECA78008CFE30;
			remoteInfo = FreehandDrawingTool;
		};
/* End PBXContainerItemProxy section */

/* Begin PBXFileReference section */
		4B7C2C211D3ECA78008CFE30 /* FreehandDrawingTool.app */ = {isa = PBXFileReference; explicitFileType = wrapper.application; includeInIndex = 0; path = FreehandDrawingTool.app; sourceTree = BUILT_PRODUCTS_DIR; };
		4B7C2C251D3ECA78008CFE30 /* main.m */ = {isa = PBXFileReference; lastKnownFileType = sourcecode.c.objc; path = main.m; sourceTree = "<group>"; };
		4B7C2C271D3ECA78008CFE30 /* AppDelegate.h */ = {isa = PBXFileReference; lastKnownFileType = sourcecode.c.h; path = AppDelegate.h; sourceTree = "<group>"; };
		4B7C2C281D3ECA78008CFE30 /* AppDelegate.m */ = {isa = PBXFileReference; lastKnownFileType = sourcecode.c.objc; path = AppDelegate.m; sourceTree = "<group>"; };
		4B7C2C2E1D3ECA78008CFE30 /* Base */ = {isa = PBXFileReference; lastKnownFileType = file.storyboard; name = Base; path = Base.lproj/Main.storyboard; sourceTree = "<group>"; };
		4B7C2C331D3ECA78008CFE30 /* Assets.xcassets */ = {isa = PBXFileReference; lastKnownFileType = folder.assetcatalog; path = Assets.xcassets; sourceTree = "<group>"; };
		4B7C2C361D3ECA78008CFE30 /* Base */ = {isa = PBXFileReference; lastKnownFileType = file.storyboard; name = Base; path = Base.lproj/LaunchScreen.storyboard; sourceTree = "<group>"; };
		4B7C2C381D3ECA78008CFE30 /* Info.plist */ = {isa = PBXFileReference; lastKnownFileType = text.plist.xml; path = Info.plist; sourceTree = "<group>"; };
		4B7C2C3D1D3ECA78008CFE30 /* FreehandDrawingToolTests.xctest */ = {isa = PBXFileReference; explicitFileType = wrapper.cfbundle; includeInIndex = 0; path = FreehandDrawingToolTests.xctest; sourceTree = BUILT_PRODUCTS_DIR; };
		4B7C2C411D3ECA78008CFE30 /* FreehandDrawingToolTests.m */ = {isa = PBXFileReference; lastKnownFileType = sourcecode.c.objc; path = FreehandDrawingToolTests.m; sourceTree = "<group>"; };
		4B7C2C431D3ECA78008CFE30 /* Info.plist */ = {isa = PBXFileReference; lastKnownFileType = text.plist.xml; path = Info.plist; sourceTree = "<group>"; };
		4B7C2C481D3ECA78008CFE30 /* FreehandDrawingToolUITests.xctest */ = {isa = PBXFileReference; explicitFileType = wrapper.cfbundle; includeInIndex = 0; path = FreehandDrawingToolUITests.xctest; sourceTree = BUILT_PRODUCTS_DIR; };
		4B7C2C4C1D3ECA78008CFE30 /* FreehandDrawingToolUITests.m */ = {isa = PBXFileReference; lastKnownFileType = sourcecode.c.objc; path = FreehandDrawingToolUITests.m; sourceTree = "<group>"; };
		4B7C2C4E1D3ECA78008CFE30 /* Info.plist */ = {isa = PBXFileReference; lastKnownFileType = text.plist.xml; path = Info.plist; sourceTree = "<group>"; };
		4B7C2C601D3ECD04008CFE30 /* DrawingAreaView.h */ = {isa = PBXFileReference; fileEncoding = 4; lastKnownFileType = sourcecode.c.h; path = DrawingAreaView.h; sourceTree = "<group>"; };
		4B7C2C611D3ECD04008CFE30 /* DrawingAreaView.m */ = {isa = PBXFileReference; fileEncoding = 4; lastKnownFileType = sourcecode.c.objc; path = DrawingAreaView.m; sourceTree = "<group>"; };
		4B7C2C631D3ECD3C008CFE30 /* DrawingControlViewController.h */ = {isa = PBXFileReference; fileEncoding = 4; lastKnownFileType = sourcecode.c.h; path = DrawingControlViewController.h; sourceTree = "<group>"; };
		4B7C2C641D3ECD3C008CFE30 /* DrawingControlViewController.m */ = {isa = PBXFileReference; fileEncoding = 4; lastKnownFileType = sourcecode.c.objc; path = DrawingControlViewController.m; sourceTree = "<group>"; };
/* End PBXFileReference section */

/* Begin PBXFrameworksBuildPhase section */
		4B7C2C1E1D3ECA78008CFE30 /* Frameworks */ = {
			isa = PBXFrameworksBuildPhase;
			buildActionMask = 2147483647;
			files = (
			);
			runOnlyForDeploymentPostprocessing = 0;
		};
		4B7C2C3A1D3ECA78008CFE30 /* Frameworks */ = {
			isa = PBXFrameworksBuildPhase;
			buildActionMask = 2147483647;
			files = (
			);
			runOnlyForDeploymentPostprocessing = 0;
		};
		4B7C2C451D3ECA78008CFE30 /* Frameworks */ = {
			isa = PBXFrameworksBuildPhase;
			buildActionMask = 2147483647;
			files = (
			);
			runOnlyForDeploymentPostprocessing = 0;
		};
/* End PBXFrameworksBuildPhase section */

/* Begin PBXGroup section */
		4B7C2C181D3ECA78008CFE30 = {
			isa = PBXGroup;
			children = (
				4B7C2C231D3ECA78008CFE30 /* FreehandDrawingTool */,
				4B7C2C401D3ECA78008CFE30 /* FreehandDrawingToolTests */,
				4B7C2C4B1D3ECA78008CFE30 /* FreehandDrawingToolUITests */,
				4B7C2C221D3ECA78008CFE30 /* Products */,
			);
			sourceTree = "<group>";
		};
		4B7C2C221D3ECA78008CFE30 /* Products */ = {
			isa = PBXGroup;
			children = (
				4B7C2C211D3ECA78008CFE30 /* FreehandDrawingTool.app */,
				4B7C2C3D1D3ECA78008CFE30 /* FreehandDrawingToolTests.xctest */,
				4B7C2C481D3ECA78008CFE30 /* FreehandDrawingToolUITests.xctest */,
			);
			name = Products;
			sourceTree = "<group>";
		};
		4B7C2C231D3ECA78008CFE30 /* FreehandDrawingTool */ = {
			isa = PBXGroup;
			children = (
				4B7C2C271D3ECA78008CFE30 /* AppDelegate.h */,
				4B7C2C281D3ECA78008CFE30 /* AppDelegate.m */,
				4B7C2C5A1D3ECC60008CFE30 /* Controller */,
				4B7C2C5B1D3ECC78008CFE30 /* View */,
				4B7C2C2D1D3ECA78008CFE30 /* Main.storyboard */,
				4B7C2C331D3ECA78008CFE30 /* Assets.xcassets */,
				4B7C2C351D3ECA78008CFE30 /* LaunchScreen.storyboard */,
				4B7C2C381D3ECA78008CFE30 /* Info.plist */,
				4B7C2C241D3ECA78008CFE30 /* Supporting Files */,
			);
			path = FreehandDrawingTool;
			sourceTree = "<group>";
		};
		4B7C2C241D3ECA78008CFE30 /* Supporting Files */ = {
			isa = PBXGroup;
			children = (
				4B7C2C251D3ECA78008CFE30 /* main.m */,
			);
			name = "Supporting Files";
			sourceTree = "<group>";
		};
		4B7C2C401D3ECA78008CFE30 /* FreehandDrawingToolTests */ = {
			isa = PBXGroup;
			children = (
				4B7C2C411D3ECA78008CFE30 /* FreehandDrawingToolTests.m */,
				4B7C2C431D3ECA78008CFE30 /* Info.plist */,
			);
			path = FreehandDrawingToolTests;
			sourceTree = "<group>";
		};
		4B7C2C4B1D3ECA78008CFE30 /* FreehandDrawingToolUITests */ = {
			isa = PBXGroup;
			children = (
				4B7C2C4C1D3ECA78008CFE30 /* FreehandDrawingToolUITests.m */,
				4B7C2C4E1D3ECA78008CFE30 /* Info.plist */,
			);
			path = FreehandDrawingToolUITests;
			sourceTree = "<group>";
		};
		4B7C2C5A1D3ECC60008CFE30 /* Controller */ = {
			isa = PBXGroup;
			children = (
				4B7C2C631D3ECD3C008CFE30 /* DrawingControlViewController.h */,
				4B7C2C641D3ECD3C008CFE30 /* DrawingControlViewController.m */,
			);
			name = Controller;
			sourceTree = "<group>";
		};
		4B7C2C5B1D3ECC78008CFE30 /* View */ = {
			isa = PBXGroup;
			children = (
				4B7C2C601D3ECD04008CFE30 /* DrawingAreaView.h */,
				4B7C2C611D3ECD04008CFE30 /* DrawingAreaView.m */,
			);
			name = View;
			sourceTree = "<group>";
		};
/* End PBXGroup section */

/* Begin PBXNativeTarget section */
		4B7C2C201D3ECA78008CFE30 /* FreehandDrawingTool */ = {
			isa = PBXNativeTarget;
			buildConfigurationList = 4B7C2C511D3ECA78008CFE30 /* Build configuration list for PBXNativeTarget "FreehandDrawingTool" */;
			buildPhases = (
				4B7C2C1D1D3ECA78008CFE30 /* Sources */,
				4B7C2C1E1D3ECA78008CFE30 /* Frameworks */,
				4B7C2C1F1D3ECA78008CFE30 /* Resources */,
			);
			buildRules = (
			);
			dependencies = (
			);
			name = FreehandDrawingTool;
			productName = FreehandDrawingTool;
			productReference = 4B7C2C211D3ECA78008CFE30 /* FreehandDrawingTool.app */;
			productType = "com.apple.product-type.application";
		};
		4B7C2C3C1D3ECA78008CFE30 /* FreehandDrawingToolTests */ = {
			isa = PBXNativeTarget;
			buildConfigurationList = 4B7C2C541D3ECA78008CFE30 /* Build configuration list for PBXNativeTarget "FreehandDrawingToolTests" */;
			buildPhases = (
				4B7C2C391D3ECA78008CFE30 /* Sources */,
				4B7C2C3A1D3ECA78008CFE30 /* Frameworks */,
				4B7C2C3B1D3ECA78008CFE30 /* Resources */,
			);
			buildRules = (
			);
			dependencies = (
				4B7C2C3F1D3ECA78008CFE30 /* PBXTargetDependency */,
			);
			name = FreehandDrawingToolTests;
			productName = FreehandDrawingToolTests;
			productReference = 4B7C2C3D1D3ECA78008CFE30 /* FreehandDrawingToolTests.xctest */;
			productType = "com.apple.product-type.bundle.unit-test";
		};
		4B7C2C471D3ECA78008CFE30 /* FreehandDrawingToolUITests */ = {
			isa = PBXNativeTarget;
			buildConfigurationList = 4B7C2C571D3ECA78008CFE30 /* Build configuration list for PBXNativeTarget "FreehandDrawingToolUITests" */;
			buildPhases = (
				4B7C2C441D3ECA78008CFE30 /* Sources */,
				4B7C2C451D3ECA78008CFE30 /* Frameworks */,
				4B7C2C461D3ECA78008CFE30 /* Resources */,
			);
			buildRules = (
			);
			dependencies = (
				4B7C2C4A1D3ECA78008CFE30 /* PBXTargetDependency */,
			);
			name = FreehandDrawingToolUITests;
			productName = FreehandDrawingToolUITests;
			productReference = 4B7C2C481D3ECA78008CFE30 /* FreehandDrawingToolUITests.xctest */;
			productType = "com.apple.product-type.bundle.ui-testing";
		};
/* End PBXNativeTarget section */

/* Begin PBXProject section */
		4B7C2C191D3ECA78008CFE30 /* Project object */ = {
			isa = PBXProject;
			attributes = {
				LastUpgradeCheck = 0730;
				ORGANIZATIONNAME = "Jennifer A Sipila";
				TargetAttributes = {
					4B7C2C201D3ECA78008CFE30 = {
						CreatedOnToolsVersion = 7.3;
					};
					4B7C2C3C1D3ECA78008CFE30 = {
						CreatedOnToolsVersion = 7.3;
						TestTargetID = 4B7C2C201D3ECA78008CFE30;
					};
					4B7C2C471D3ECA78008CFE30 = {
						CreatedOnToolsVersion = 7.3;
						TestTargetID = 4B7C2C201D3ECA78008CFE30;
					};
				};
			};
			buildConfigurationList = 4B7C2C1C1D3ECA78008CFE30 /* Build configuration list for PBXProject "FreehandDrawingTool" */;
			compatibilityVersion = "Xcode 3.2";
			developmentRegion = English;
			hasScannedForEncodings = 0;
			knownRegions = (
				en,
				Base,
			);
			mainGroup = 4B7C2C181D3ECA78008CFE30;
			productRefGroup = 4B7C2C221D3ECA78008CFE30 /* Products */;
			projectDirPath = "";
			projectRoot = "";
			targets = (
				4B7C2C201D3ECA78008CFE30 /* FreehandDrawingTool */,
				4B7C2C3C1D3ECA78008CFE30 /* FreehandDrawingToolTests */,
				4B7C2C471D3ECA78008CFE30 /* FreehandDrawingToolUITests */,
			);
		};
/* End PBXProject section */

/* Begin PBXResourcesBuildPhase section */
		4B7C2C1F1D3ECA78008CFE30 /* Resources */ = {
			isa = PBXResourcesBuildPhase;
			buildActionMask = 2147483647;
			files = (
				4B7C2C371D3ECA78008CFE30 /* LaunchScreen.storyboard in Resources */,
				4B7C2C341D3ECA78008CFE30 /* Assets.xcassets in Resources */,
				4B7C2C2F1D3ECA78008CFE30 /* Main.storyboard in Resources */,
			);
			runOnlyForDeploymentPostprocessing = 0;
		};
		4B7C2C3B1D3ECA78008CFE30 /* Resources */ = {
			isa = PBXResourcesBuildPhase;
			buildActionMask = 2147483647;
			files = (
			);
			runOnlyForDeploymentPostprocessing = 0;
		};
		4B7C2C461D3ECA78008CFE30 /* Resources */ = {
			isa = PBXResourcesBuildPhase;
			buildActionMask = 2147483647;
			files = (
			);
			runOnlyForDeploymentPostprocessing = 0;
		};
/* End PBXResourcesBuildPhase section */

/* Begin PBXSourcesBuildPhase section */
		4B7C2C1D1D3ECA78008CFE30 /* Sources */ = {
			isa = PBXSourcesBuildPhase;
			buildActionMask = 2147483647;
			files = (
				4B7C2C621D3ECD04008CFE30 /* DrawingAreaView.m in Sources */,
				4B7C2C291D3ECA78008CFE30 /* AppDelegate.m in Sources */,
				4B7C2C651D3ECD3C008CFE30 /* DrawingControlViewController.m in Sources */,
				4B7C2C261D3ECA78008CFE30 /* main.m in Sources */,
			);
			runOnlyForDeploymentPostprocessing = 0;
		};
		4B7C2C391D3ECA78008CFE30 /* Sources */ = {
			isa = PBXSourcesBuildPhase;
			buildActionMask = 2147483647;
			files = (
				4B7C2C421D3ECA78008CFE30 /* FreehandDrawingToolTests.m in Sources */,
			);
			runOnlyForDeploymentPostprocessing = 0;
		};
		4B7C2C441D3ECA78008CFE30 /* Sources */ = {
			isa = PBXSourcesBuildPhase;
			buildActionMask = 2147483647;
			files = (
				4B7C2C4D1D3ECA78008CFE30 /* FreehandDrawingToolUITests.m in Sources */,
			);
			runOnlyForDeploymentPostprocessing = 0;
		};
/* End PBXSourcesBuildPhase section */

/* Begin PBXTargetDependency section */
		4B7C2C3F1D3ECA78008CFE30 /* PBXTargetDependency */ = {
			isa = PBXTargetDependency;
			target = 4B7C2C201D3ECA78008CFE30 /* FreehandDrawingTool */;
			targetProxy = 4B7C2C3E1D3ECA78008CFE30 /* PBXContainerItemProxy */;
		};
		4B7C2C4A1D3ECA78008CFE30 /* PBXTargetDependency */ = {
			isa = PBXTargetDependency;
			target = 4B7C2C201D3ECA78008CFE30 /* FreehandDrawingTool */;
			targetProxy = 4B7C2C491D3ECA78008CFE30 /* PBXContainerItemProxy */;
		};
/* End PBXTargetDependency section */

/* Begin PBXVariantGroup section */
		4B7C2C2D1D3ECA78008CFE30 /* Main.storyboard */ = {
			isa = PBXVariantGroup;
			children = (
				4B7C2C2E1D3ECA78008CFE30 /* Base */,
			);
			name = Main.storyboard;
			sourceTree = "<group>";
		};
		4B7C2C351D3ECA78008CFE30 /* LaunchScreen.storyboard */ = {
			isa = PBXVariantGroup;
			children = (
				4B7C2C361D3ECA78008CFE30 /* Base */,
			);
			name = LaunchScreen.storyboard;
			sourceTree = "<group>";
		};
/* End PBXVariantGroup section */

/* Begin XCBuildConfiguration section */
		4B7C2C4F1D3ECA78008CFE30 /* Debug */ = {
			isa = XCBuildConfiguration;
			buildSettings = {
				ALWAYS_SEARCH_USER_PATHS = NO;
				CLANG_ANALYZER_NONNULL = YES;
				CLANG_CXX_LANGUAGE_STANDARD = "gnu++0x";
				CLANG_CXX_LIBRARY = "libc++";
				CLANG_ENABLE_MODULES = YES;
				CLANG_ENABLE_OBJC_ARC = YES;
				CLANG_WARN_BOOL_CONVERSION = YES;
				CLANG_WARN_CONSTANT_CONVERSION = YES;
				CLANG_WARN_DIRECT_OBJC_ISA_USAGE = YES_ERROR;
				CLANG_WARN_EMPTY_BODY = YES;
				CLANG_WARN_ENUM_CONVERSION = YES;
				CLANG_WARN_INT_CONVERSION = YES;
				CLANG_WARN_OBJC_ROOT_CLASS = YES_ERROR;
				CLANG_WARN_UNREACHABLE_CODE = YES;
				CLANG_WARN__DUPLICATE_METHOD_MATCH = YES;
				"CODE_SIGN_IDENTITY[sdk=iphoneos*]" = "iPhone Developer";
				COPY_PHASE_STRIP = NO;
				DEBUG_INFORMATION_FORMAT = dwarf;
				ENABLE_STRICT_OBJC_MSGSEND = YES;
				ENABLE_TESTABILITY = YES;
				GCC_C_LANGUAGE_STANDARD = gnu99;
				GCC_DYNAMIC_NO_PIC = NO;
				GCC_NO_COMMON_BLOCKS = YES;
				GCC_OPTIMIZATION_LEVEL = 0;
				GCC_PREPROCESSOR_DEFINITIONS = (
					"DEBUG=1",
					"$(inherited)",
				);
				GCC_WARN_64_TO_32_BIT_CONVERSION = YES;
				GCC_WARN_ABOUT_RETURN_TYPE = YES_ERROR;
				GCC_WARN_UNDECLARED_SELECTOR = YES;
				GCC_WARN_UNINITIALIZED_AUTOS = YES_AGGRESSIVE;
				GCC_WARN_UNUSED_FUNCTION = YES;
				GCC_WARN_UNUSED_VARIABLE = YES;
				IPHONEOS_DEPLOYMENT_TARGET = 9.3;
				MTL_ENABLE_DEBUG_INFO = YES;
				ONLY_ACTIVE_ARCH = YES;
				SDKROOT = iphoneos;
			};
			name = Debug;
		};
		4B7C2C501D3ECA78008CFE30 /* Release */ = {
			isa = XCBuildConfiguration;
			buildSettings = {
				ALWAYS_SEARCH_USER_PATHS = NO;
				CLANG_ANALYZER_NONNULL = YES;
				CLANG_CXX_LANGUAGE_STANDARD = "gnu++0x";
				CLANG_CXX_LIBRARY = "libc++";
				CLANG_ENABLE_MODULES = YES;
				CLANG_ENABLE_OBJC_ARC = YES;
				CLANG_WARN_BOOL_CONVERSION = YES;
				CLANG_WARN_CONSTANT_CONVERSION = YES;
				CLANG_WARN_DIRECT_OBJC_ISA_USAGE = YES_ERROR;
				CLANG_WARN_EMPTY_BODY = YES;
				CLANG_WARN_ENUM_CONVERSION = YES;
				CLANG_WARN_INT_CONVERSION = YES;
				CLANG_WARN_OBJC_ROOT_CLASS = YES_ERROR;
				CLANG_WARN_UNREACHABLE_CODE = YES;
				CLANG_WARN__DUPLICATE_METHOD_MATCH = YES;
				"CODE_SIGN_IDENTITY[sdk=iphoneos*]" = "iPhone Developer";
				COPY_PHASE_STRIP = NO;
				DEBUG_INFORMATION_FORMAT = "dwarf-with-dsym";
				ENABLE_NS_ASSERTIONS = NO;
				ENABLE_STRICT_OBJC_MSGSEND = YES;
				GCC_C_LANGUAGE_STANDARD = gnu99;
				GCC_NO_COMMON_BLOCKS = YES;
				GCC_WARN_64_TO_32_BIT_CONVERSION = YES;
				GCC_WARN_ABOUT_RETURN_TYPE = YES_ERROR;
				GCC_WARN_UNDECLARED_SELECTOR = YES;
				GCC_WARN_UNINITIALIZED_AUTOS = YES_AGGRESSIVE;
				GCC_WARN_UNUSED_FUNCTION = YES;
				GCC_WARN_UNUSED_VARIABLE = YES;
				IPHONEOS_DEPLOYMENT_TARGET = 9.3;
				MTL_ENABLE_DEBUG_INFO = NO;
				SDKROOT = iphoneos;
				VALIDATE_PRODUCT = YES;
			};
			name = Release;
		};
		4B7C2C521D3ECA78008CFE30 /* Debug */ = {
			isa = XCBuildConfiguration;
			buildSettings = {
				ASSETCATALOG_COMPILER_APPICON_NAME = AppIcon;
				CLANG_ENABLE_MODULES = YES;
				INFOPLIST_FILE = FreehandDrawingTool/Info.plist;
				LD_RUNPATH_SEARCH_PATHS = "$(inherited) @executable_path/Frameworks";
				PRODUCT_BUNDLE_IDENTIFIER = com.jennifersipila.FreehandDrawingTool;
				PRODUCT_NAME = "$(TARGET_NAME)";
				SWIFT_OBJC_BRIDGING_HEADER = "FreehandDrawingTool/FreehandDrawingTool-Bridging-Header.h";
				SWIFT_OPTIMIZATION_LEVEL = "-Onone";
			};
			name = Debug;
		};
		4B7C2C531D3ECA78008CFE30 /* Release */ = {
			isa = XCBuildConfiguration;
			buildSettings = {
				ASSETCATALOG_COMPILER_APPICON_NAME = AppIcon;
				CLANG_ENABLE_MODULES = YES;
				INFOPLIST_FILE = FreehandDrawingTool/Info.plist;
				LD_RUNPATH_SEARCH_PATHS = "$(inherited) @executable_path/Frameworks";
				PRODUCT_BUNDLE_IDENTIFIER = com.jennifersipila.FreehandDrawingTool;
				PRODUCT_NAME = "$(TARGET_NAME)";
				SWIFT_OBJC_BRIDGING_HEADER = "FreehandDrawingTool/FreehandDrawingTool-Bridging-Header.h";
			};
			name = Release;
		};
		4B7C2C551D3ECA78008CFE30 /* Debug */ = {
			isa = XCBuildConfiguration;
			buildSettings = {
				BUNDLE_LOADER = "$(TEST_HOST)";
				INFOPLIST_FILE = FreehandDrawingToolTests/Info.plist;
				LD_RUNPATH_SEARCH_PATHS = "$(inherited) @executable_path/Frameworks @loader_path/Frameworks";
				PRODUCT_BUNDLE_IDENTIFIER = com.jennifersipila.FreehandDrawingToolTests;
				PRODUCT_NAME = "$(TARGET_NAME)";
				TEST_HOST = "$(BUILT_PRODUCTS_DIR)/FreehandDrawingTool.app/FreehandDrawingTool";
			};
			name = Debug;
		};
		4B7C2C561D3ECA78008CFE30 /* Release */ = {
			isa = XCBuildConfiguration;
			buildSettings = {
				BUNDLE_LOADER = "$(TEST_HOST)";
				INFOPLIST_FILE = FreehandDrawingToolTests/Info.plist;
				LD_RUNPATH_SEARCH_PATHS = "$(inherited) @executable_path/Frameworks @loader_path/Frameworks";
				PRODUCT_BUNDLE_IDENTIFIER = com.jennifersipila.FreehandDrawingToolTests;
				PRODUCT_NAME = "$(TARGET_NAME)";
				TEST_HOST = "$(BUILT_PRODUCTS_DIR)/FreehandDrawingTool.app/FreehandDrawingTool";
			};
			name = Release;
		};
		4B7C2C581D3ECA78008CFE30 /* Debug */ = {
			isa = XCBuildConfiguration;
			buildSettings = {
				INFOPLIST_FILE = FreehandDrawingToolUITests/Info.plist;
				LD_RUNPATH_SEARCH_PATHS = "$(inherited) @executable_path/Frameworks @loader_path/Frameworks";
				PRODUCT_BUNDLE_IDENTIFIER = com.jennifersipila.FreehandDrawingToolUITests;
				PRODUCT_NAME = "$(TARGET_NAME)";
				TEST_TARGET_NAME = FreehandDrawingTool;
			};
			name = Debug;
		};
		4B7C2C591D3ECA78008CFE30 /* Release */ = {
			isa = XCBuildConfiguration;
			buildSettings = {
				INFOPLIST_FILE = FreehandDrawingToolUITests/Info.plist;
				LD_RUNPATH_SEARCH_PATHS = "$(inherited) @executable_path/Frameworks @loader_path/Frameworks";
				PRODUCT_BUNDLE_IDENTIFIER = com.jennifersipila.FreehandDrawingToolUITests;
				PRODUCT_NAME = "$(TARGET_NAME)";
				TEST_TARGET_NAME = FreehandDrawingTool;
			};
			name = Release;
		};
/* End XCBuildConfiguration section */

/* Begin XCConfigurationList section */
		4B7C2C1C1D3ECA78008CFE30 /* Build configuration list for PBXProject "FreehandDrawingTool" */ = {
			isa = XCConfigurationList;
			buildConfigurations = (
				4B7C2C4F1D3ECA78008CFE30 /* Debug */,
				4B7C2C501D3ECA78008CFE30 /* Release */,
			);
			defaultConfigurationIsVisible = 0;
			defaultConfigurationName = Release;
		};
		4B7C2C511D3ECA78008CFE30 /* Build configuration list for PBXNativeTarget "FreehandDrawingTool" */ = {
			isa = XCConfigurationList;
			buildConfigurations = (
				4B7C2C521D3ECA78008CFE30 /* Debug */,
				4B7C2C531D3ECA78008CFE30 /* Release */,
			);
			defaultConfigurationIsVisible = 0;
			defaultConfigurationName = Release;
		};
		4B7C2C541D3ECA78008CFE30 /* Build configuration list for PBXNativeTarget "FreehandDrawingToolTests" */ = {
			isa = XCConfigurationList;
			buildConfigurations = (
				4B7C2C551D3ECA78008CFE30 /* Debug */,
				4B7C2C561D3ECA78008CFE30 /* Release */,
			);
			defaultConfigurationIsVisible = 0;
			defaultConfigurationName = Release;
		};
		4B7C2C571D3ECA78008CFE30 /* Build configuration list for PBXNativeTarget "FreehandDrawingToolUITests" */ = {
			isa = XCConfigurationList;
			buildConfigurations = (
				4B7C2C581D3ECA78008CFE30 /* Debug */,
				4B7C2C591D3ECA78008CFE30 /* Release */,
			);
			defaultConfigurationIsVisible = 0;
			defaultConfigurationName = Release;
		};
/* End XCConfigurationList section */
	};
	rootObject = 4B7C2C191D3ECA78008CFE30 /* Project object */;
}
